// !$*UTF8*$!
{
	archiveVersion = 1;
	classes = {
	};
	objectVersion = 55;
	objects = {

/* Begin PBXBuildFile section */
		15FB470029B8EB1900AC80D6 /* FilteredDetailView.swift in Sources */ = {isa = PBXBuildFile; fileRef = 15FB46FF29B8EB1900AC80D6 /* FilteredDetailView.swift */; };
		15FB470229B9181100AC80D6 /* ExpenseCard.swift in Sources */ = {isa = PBXBuildFile; fileRef = 15FB470129B9181100AC80D6 /* ExpenseCard.swift */; };
		15FBC74829B24A4900818276 /* luxme1App.swift in Sources */ = {isa = PBXBuildFile; fileRef = 15FBC74729B24A4900818276 /* luxme1App.swift */; };
		15FBC74A29B24A4900818276 /* ContentView.swift in Sources */ = {isa = PBXBuildFile; fileRef = 15FBC74929B24A4900818276 /* ContentView.swift */; };
		15FBC74C29B24A4D00818276 /* Assets.xcassets in Resources */ = {isa = PBXBuildFile; fileRef = 15FBC74B29B24A4D00818276 /* Assets.xcassets */; };
		15FBC74F29B24A4D00818276 /* Preview Assets.xcassets in Resources */ = {isa = PBXBuildFile; fileRef = 15FBC74E29B24A4D00818276 /* Preview Assets.xcassets */; };
		15FBC75A29B24CBE00818276 /* Home.swift in Sources */ = {isa = PBXBuildFile; fileRef = 15FBC75929B24CBE00818276 /* Home.swift */; };
		15FBC75C29B24D0400818276 /* Expense.swift in Sources */ = {isa = PBXBuildFile; fileRef = 15FBC75B29B24D0400818276 /* Expense.swift */; };
		15FBC76029B24D7600818276 /* ExpenseViewModel.swift in Sources */ = {isa = PBXBuildFile; fileRef = 15FBC75F29B24D7600818276 /* ExpenseViewModel.swift */; };
		15FBC76229B24DFA00818276 /* TransactionCardView.swift in Sources */ = {isa = PBXBuildFile; fileRef = 15FBC76129B24DFA00818276 /* TransactionCardView.swift */; };
/* End PBXBuildFile section */

/* Begin PBXFileReference section */
		15FB46FF29B8EB1900AC80D6 /* FilteredDetailView.swift */ = {isa = PBXFileReference; lastKnownFileType = sourcecode.swift; path = FilteredDetailView.swift; sourceTree = "<group>"; };
		15FB470129B9181100AC80D6 /* ExpenseCard.swift */ = {isa = PBXFileReference; lastKnownFileType = sourcecode.swift; path = ExpenseCard.swift; sourceTree = "<group>"; };
		15FBC74429B24A4900818276 /* luxme1.app */ = {isa = PBXFileReference; explicitFileType = wrapper.application; includeInIndex = 0; path = luxme1.app; sourceTree = BUILT_PRODUCTS_DIR; };
		15FBC74729B24A4900818276 /* luxme1App.swift */ = {isa = PBXFileReference; lastKnownFileType = sourcecode.swift; path = luxme1App.swift; sourceTree = "<group>"; };
		15FBC74929B24A4900818276 /* ContentView.swift */ = {isa = PBXFileReference; lastKnownFileType = sourcecode.swift; path = ContentView.swift; sourceTree = "<group>"; };
		15FBC74B29B24A4D00818276 /* Assets.xcassets */ = {isa = PBXFileReference; lastKnownFileType = folder.assetcatalog; path = Assets.xcassets; sourceTree = "<group>"; };
		15FBC74E29B24A4D00818276 /* Preview Assets.xcassets */ = {isa = PBXFileReference; lastKnownFileType = folder.assetcatalog; path = "Preview Assets.xcassets"; sourceTree = "<group>"; };
		15FBC75929B24CBE00818276 /* Home.swift */ = {isa = PBXFileReference; lastKnownFileType = sourcecode.swift; path = Home.swift; sourceTree = "<group>"; };
		15FBC75B29B24D0400818276 /* Expense.swift */ = {isa = PBXFileReference; lastKnownFileType = sourcecode.swift; path = Expense.swift; sourceTree = "<group>"; };
		15FBC75F29B24D7600818276 /* ExpenseViewModel.swift */ = {isa = PBXFileReference; lastKnownFileType = sourcecode.swift; path = ExpenseViewModel.swift; sourceTree = "<group>"; };
		15FBC76129B24DFA00818276 /* TransactionCardView.swift */ = {isa = PBXFileReference; lastKnownFileType = sourcecode.swift; path = TransactionCardView.swift; sourceTree = "<group>"; };
/* End PBXFileReference section */

/* Begin PBXFrameworksBuildPhase section */
		15FBC74129B24A4900818276 /* Frameworks */ = {
			isa = PBXFrameworksBuildPhase;
			buildActionMask = 2147483647;
			files = (
			);
			runOnlyForDeploymentPostprocessing = 0;
		};
/* End PBXFrameworksBuildPhase section */

/* Begin PBXGroup section */
		15FBC73B29B24A4900818276 = {
			isa = PBXGroup;
			children = (
				15FBC74629B24A4900818276 /* luxme1 */,
				15FBC74529B24A4900818276 /* Products */,
			);
			sourceTree = "<group>";
		};
		15FBC74529B24A4900818276 /* Products */ = {
			isa = PBXGroup;
			children = (
				15FBC74429B24A4900818276 /* luxme1.app */,
			);
			name = Products;
			sourceTree = "<group>";
		};
		15FBC74629B24A4900818276 /* luxme1 */ = {
			isa = PBXGroup;
			children = (
				15FBC75829B24C9A00818276 /* ViewModel */,
				15FBC75729B24C7D00818276 /* Model */,
				15FBC75629B24C7100818276 /* View */,
				15FBC74729B24A4900818276 /* luxme1App.swift */,
				15FBC74929B24A4900818276 /* ContentView.swift */,
				15FBC74B29B24A4D00818276 /* Assets.xcassets */,
				15FBC74D29B24A4D00818276 /* Preview Content */,
			);
			path = luxme1;
			sourceTree = "<group>";
		};
		15FBC74D29B24A4D00818276 /* Preview Content */ = {
			isa = PBXGroup;
			children = (
				15FBC74E29B24A4D00818276 /* Preview Assets.xcassets */,
			);
			path = "Preview Content";
			sourceTree = "<group>";
		};
		15FBC75629B24C7100818276 /* View */ = {
			isa = PBXGroup;
			children = (
				15FBC75929B24CBE00818276 /* Home.swift */,
				15FBC76129B24DFA00818276 /* TransactionCardView.swift */,
				15FB46FF29B8EB1900AC80D6 /* FilteredDetailView.swift */,
				15FB470129B9181100AC80D6 /* ExpenseCard.swift */,
			);
			path = View;
			sourceTree = "<group>";
		};
		15FBC75729B24C7D00818276 /* Model */ = {
			isa = PBXGroup;
			children = (
				15FBC75B29B24D0400818276 /* Expense.swift */,
			);
			path = Model;
			sourceTree = "<group>";
		};
		15FBC75829B24C9A00818276 /* ViewModel */ = {
			isa = PBXGroup;
			children = (
				15FBC75F29B24D7600818276 /* ExpenseViewModel.swift */,
			);
			path = ViewModel;
			sourceTree = "<group>";
		};
/* End PBXGroup section */

/* Begin PBXNativeTarget section */
		15FBC74329B24A4900818276 /* luxme1 */ = {
			isa = PBXNativeTarget;
			buildConfigurationList = 15FBC75229B24A4D00818276 /* Build configuration list for PBXNativeTarget "luxme1" */;
			buildPhases = (
				15FBC74029B24A4900818276 /* Sources */,
				15FBC74129B24A4900818276 /* Frameworks */,
				15FBC74229B24A4900818276 /* Resources */,
			);
			buildRules = (
			);
			dependencies = (
			);
			name = luxme1;
			productName = luxme1;
			productReference = 15FBC74429B24A4900818276 /* luxme1.app */;
			productType = "com.apple.product-type.application";
		};
/* End PBXNativeTarget section */

/* Begin PBXProject section */
		15FBC73C29B24A4900818276 /* Project object */ = {
			isa = PBXProject;
			attributes = {
				BuildIndependentTargetsInParallel = 1;
				LastSwiftUpdateCheck = 1340;
				LastUpgradeCheck = 1340;
				TargetAttributes = {
					15FBC74329B24A4900818276 = {
						CreatedOnToolsVersion = 13.4.1;
					};
				};
			};
			buildConfigurationList = 15FBC73F29B24A4900818276 /* Build configuration list for PBXProject "luxme1" */;
			compatibilityVersion = "Xcode 13.0";
			developmentRegion = en;
			hasScannedForEncodings = 0;
			knownRegions = (
				en,
				Base,
			);
			mainGroup = 15FBC73B29B24A4900818276;
			productRefGroup = 15FBC74529B24A4900818276 /* Products */;
			projectDirPath = "";
			projectRoot = "";
			targets = (
				15FBC74329B24A4900818276 /* luxme1 */,
			);
		};
/* End PBXProject section */

/* Begin PBXResourcesBuildPhase section */
		15FBC74229B24A4900818276 /* Resources */ = {
			isa = PBXResourcesBuildPhase;
			buildActionMask = 2147483647;
			files = (
				15FBC74F29B24A4D00818276 /* Preview Assets.xcassets in Resources */,
				15FBC74C29B24A4D00818276 /* Assets.xcassets in Resources */,
			);
			runOnlyForDeploymentPostprocessing = 0;
		};
/* End PBXResourcesBuildPhase section */

/* Begin PBXSourcesBuildPhase section */
		15FBC74029B24A4900818276 /* Sources */ = {
			isa = PBXSourcesBuildPhase;
			buildActionMask = 2147483647;
			files = (
				15FBC75C29B24D0400818276 /* Expense.swift in Sources */,
				15FB470029B8EB1900AC80D6 /* FilteredDetailView.swift in Sources */,
				15FBC74A29B24A4900818276 /* ContentView.swift in Sources */,
				15FBC75A29B24CBE00818276 /* Home.swift in Sources */,
				15FBC76029B24D7600818276 /* ExpenseViewModel.swift in Sources */,
				15FBC74829B24A4900818276 /* luxme1App.swift in Sources */,
				15FB470229B9181100AC80D6 /* ExpenseCard.swift in Sources */,
				15FBC76229B24DFA00818276 /* TransactionCardView.swift in Sources */,
			);
			runOnlyForDeploymentPostprocessing = 0;
		};
/* End PBXSourcesBuildPhase section */

/* Begin XCBuildConfiguration section */
		15FBC75029B24A4D00818276 /* Debug */ = {
			isa = XCBuildConfiguration;
			buildSettings = {
				ALWAYS_SEARCH_USER_PATHS = NO;
				CLANG_ANALYZER_NONNULL = YES;
				CLANG_ANALYZER_NUMBER_OBJECT_CONVERSION = YES_AGGRESSIVE;
				CLANG_CXX_LANGUAGE_STANDARD = "gnu++17";
				CLANG_ENABLE_MODULES = YES;
				CLANG_ENABLE_OBJC_ARC = YES;
				CLANG_ENABLE_OBJC_WEAK = YES;
				CLANG_WARN_BLOCK_CAPTURE_AUTORELEASING = YES;
				CLANG_WARN_BOOL_CONVERSION = YES;
				CLANG_WARN_COMMA = YES;
				CLANG_WARN_CONSTANT_CONVERSION = YES;
				CLANG_WARN_DEPRECATED_OBJC_IMPLEMENTATIONS = YES;
				CLANG_WARN_DIRECT_OBJC_ISA_USAGE = YES_ERROR;
				CLANG_WARN_DOCUMENTATION_COMMENTS = YES;
				CLANG_WARN_EMPTY_BODY = YES;
				CLANG_WARN_ENUM_CONVERSION = YES;
				CLANG_WARN_INFINITE_RECURSION = YES;
				CLANG_WARN_INT_CONVERSION = YES;
				CLANG_WARN_NON_LITERAL_NULL_CONVERSION = YES;
				CLANG_WARN_OBJC_IMPLICIT_RETAIN_SELF = YES;
				CLANG_WARN_OBJC_LITERAL_CONVERSION = YES;
				CLANG_WARN_OBJC_ROOT_CLASS = YES_ERROR;
				CLANG_WARN_QUOTED_INCLUDE_IN_FRAMEWORK_HEADER = YES;
				CLANG_WARN_RANGE_LOOP_ANALYSIS = YES;
				CLANG_WARN_STRICT_PROTOTYPES = YES;
				CLANG_WARN_SUSPICIOUS_MOVE = YES;
				CLANG_WARN_UNGUARDED_AVAILABILITY = YES_AGGRESSIVE;
				CLANG_WARN_UNREACHABLE_CODE = YES;
				CLANG_WARN__DUPLICATE_METHOD_MATCH = YES;
				COPY_PHASE_STRIP = NO;
				DEBUG_INFORMATION_FORMAT = dwarf;
				ENABLE_STRICT_OBJC_MSGSEND = YES;
				ENABLE_TESTABILITY = YES;
				GCC_C_LANGUAGE_STANDARD = gnu11;
				GCC_DYNAMIC_NO_PIC = NO;
				GCC_NO_COMMON_BLOCKS = YES;
				GCC_OPTIMIZATION_LEVEL = 0;
				GCC_PREPROCESSOR_DEFINITIONS = (
					"DEBUG=1",
					"$(inherited)",
				);
				GCC_WARN_64_TO_32_BIT_CONVERSION = YES;
				GCC_WARN_ABOUT_RETURN_TYPE = YES_ERROR;
				GCC_WARN_UNDECLARED_SELECTOR = YES;
				GCC_WARN_UNINITIALIZED_AUTOS = YES_AGGRESSIVE;
				GCC_WARN_UNUSED_FUNCTION = YES;
				GCC_WARN_UNUSED_VARIABLE = YES;
				IPHONEOS_DEPLOYMENT_TARGET = 15.5;
				MTL_ENABLE_DEBUG_INFO = INCLUDE_SOURCE;
				MTL_FAST_MATH = YES;
				ONLY_ACTIVE_ARCH = YES;
				SDKROOT = iphoneos;
				SWIFT_ACTIVE_COMPILATION_CONDITIONS = DEBUG;
				SWIFT_OPTIMIZATION_LEVEL = "-Onone";
			};
			name = Debug;
		};
		15FBC75129B24A4D00818276 /* Release */ = {
			isa = XCBuildConfiguration;
			buildSettings = {
				ALWAYS_SEARCH_USER_PATHS = NO;
				CLANG_ANALYZER_NONNULL = YES;
				CLANG_ANALYZER_NUMBER_OBJECT_CONVERSION = YES_AGGRESSIVE;
				CLANG_CXX_LANGUAGE_STANDARD = "gnu++17";
				CLANG_ENABLE_MODULES = YES;
				CLANG_ENABLE_OBJC_ARC = YES;
				CLANG_ENABLE_OBJC_WEAK = YES;
				CLANG_WARN_BLOCK_CAPTURE_AUTORELEASING = YES;
				CLANG_WARN_BOOL_CONVERSION = YES;
				CLANG_WARN_COMMA = YES;
				CLANG_WARN_CONSTANT_CONVERSION = YES;
				CLANG_WARN_DEPRECATED_OBJC_IMPLEMENTATIONS = YES;
				CLANG_WARN_DIRECT_OBJC_ISA_USAGE = YES_ERROR;
				CLANG_WARN_DOCUMENTATION_COMMENTS = YES;
				CLANG_WARN_EMPTY_BODY = YES;
				CLANG_WARN_ENUM_CONVERSION = YES;
				CLANG_WARN_INFINITE_RECURSION = YES;
				CLANG_WARN_INT_CONVERSION = YES;
				CLANG_WARN_NON_LITERAL_NULL_CONVERSION = YES;
				CLANG_WARN_OBJC_IMPLICIT_RETAIN_SELF = YES;
				CLANG_WARN_OBJC_LITERAL_CONVERSION = YES;
				CLANG_WARN_OBJC_ROOT_CLASS = YES_ERROR;
				CLANG_WARN_QUOTED_INCLUDE_IN_FRAMEWORK_HEADER = YES;
				CLANG_WARN_RANGE_LOOP_ANALYSIS = YES;
				CLANG_WARN_STRICT_PROTOTYPES = YES;
				CLANG_WARN_SUSPICIOUS_MOVE = YES;
				CLANG_WARN_UNGUARDED_AVAILABILITY = YES_AGGRESSIVE;
				CLANG_WARN_UNREACHABLE_CODE = YES;
				CLANG_WARN__DUPLICATE_METHOD_MATCH = YES;
				COPY_PHASE_STRIP = NO;
				DEBUG_INFORMATION_FORMAT = "dwarf-with-dsym";
				ENABLE_NS_ASSERTIONS = NO;
				ENABLE_STRICT_OBJC_MSGSEND = YES;
				GCC_C_LANGUAGE_STANDARD = gnu11;
				GCC_NO_COMMON_BLOCKS = YES;
				GCC_WARN_64_TO_32_BIT_CONVERSION = YES;
				GCC_WARN_ABOUT_RETURN_TYPE = YES_ERROR;
				GCC_WARN_UNDECLARED_SELECTOR = YES;
				GCC_WARN_UNINITIALIZED_AUTOS = YES_AGGRESSIVE;
				GCC_WARN_UNUSED_FUNCTION = YES;
				GCC_WARN_UNUSED_VARIABLE = YES;
				IPHONEOS_DEPLOYMENT_TARGET = 15.5;
				MTL_ENABLE_DEBUG_INFO = NO;
				MTL_FAST_MATH = YES;
				SDKROOT = iphoneos;
				SWIFT_COMPILATION_MODE = wholemodule;
				SWIFT_OPTIMIZATION_LEVEL = "-O";
				VALIDATE_PRODUCT = YES;
			};
			name = Release;
		};
		15FBC75329B24A4D00818276 /* Debug */ = {
			isa = XCBuildConfiguration;
			buildSettings = {
				ASSETCATALOG_COMPILER_APPICON_NAME = AppIcon;
				ASSETCATALOG_COMPILER_GLOBAL_ACCENT_COLOR_NAME = AccentColor;
				CODE_SIGN_STYLE = Automatic;
				CURRENT_PROJECT_VERSION = 1;
				DEVELOPMENT_ASSET_PATHS = "\"luxme1/Preview Content\"";
				DEVELOPMENT_TEAM = HUT9L7HQFK;
				ENABLE_PREVIEWS = YES;
				GENERATE_INFOPLIST_FILE = YES;
				INFOPLIST_KEY_UIApplicationSceneManifest_Generation = YES;
				INFOPLIST_KEY_UIApplicationSupportsIndirectInputEvents = YES;
				INFOPLIST_KEY_UILaunchScreen_Generation = YES;
				INFOPLIST_KEY_UISupportedInterfaceOrientations_iPad = "UIInterfaceOrientationPortrait UIInterfaceOrientationPortraitUpsideDown UIInterfaceOrientationLandscapeLeft UIInterfaceOrientationLandscapeRight";
				INFOPLIST_KEY_UISupportedInterfaceOrientations_iPhone = "UIInterfaceOrientationPortrait UIInterfaceOrientationLandscapeLeft UIInterfaceOrientationLandscapeRight";
				LD_RUNPATH_SEARCH_PATHS = (
					"$(inherited)",
					"@executable_path/Frameworks",
				);
				MARKETING_VERSION = 1.0;
				PRODUCT_BUNDLE_IDENTIFIER = com.FeminFinance.luxme1;
				PRODUCT_NAME = "$(TARGET_NAME)";
				SWIFT_EMIT_LOC_STRINGS = YES;
				SWIFT_VERSION = 5.0;
				TARGETED_DEVICE_FAMILY = "1,2";
			};
			name = Debug;
		};
		15FBC75429B24A4D00818276 /* Release */ = {
			isa = XCBuildConfiguration;
			buildSettings = {
				ASSETCATALOG_COMPILER_APPICON_NAME = AppIcon;
				ASSETCATALOG_COMPILER_GLOBAL_ACCENT_COLOR_NAME = AccentColor;
				CODE_SIGN_STYLE = Automatic;
				CURRENT_PROJECT_VERSION = 1;
				DEVELOPMENT_ASSET_PATHS = "\"luxme1/Preview Content\"";
				DEVELOPMENT_TEAM = HUT9L7HQFK;
				ENABLE_PREVIEWS = YES;
				GENERATE_INFOPLIST_FILE = YES;
				INFOPLIST_KEY_UIApplicationSceneManifest_Generation = YES;
				INFOPLIST_KEY_UIApplicationSupportsIndirectInputEvents = YES;
				INFOPLIST_KEY_UILaunchScreen_Generation = YES;
				INFOPLIST_KEY_UISupportedInterfaceOrientations_iPad = "UIInterfaceOrientationPortrait UIInterfaceOrientationPortraitUpsideDown UIInterfaceOrientationLandscapeLeft UIInterfaceOrientationLandscapeRight";
				INFOPLIST_KEY_UISupportedInterfaceOrientations_iPhone = "UIInterfaceOrientationPortrait UIInterfaceOrientationLandscapeLeft UIInterfaceOrientationLandscapeRight";
				LD_RUNPATH_SEARCH_PATHS = (
					"$(inherited)",
					"@executable_path/Frameworks",
				);
				MARKETING_VERSION = 1.0;
				PRODUCT_BUNDLE_IDENTIFIER = com.FeminFinance.luxme1;
				PRODUCT_NAME = "$(TARGET_NAME)";
				SWIFT_EMIT_LOC_STRINGS = YES;
				SWIFT_VERSION = 5.0;
				TARGETED_DEVICE_FAMILY = "1,2";
			};
			name = Release;
		};
/* End XCBuildConfiguration section */

/* Begin XCConfigurationList section */
		15FBC73F29B24A4900818276 /* Build configuration list for PBXProject "luxme1" */ = {
			isa = XCConfigurationList;
			buildConfigurations = (
				15FBC75029B24A4D00818276 /* Debug */,
				15FBC75129B24A4D00818276 /* Release */,
			);
			defaultConfigurationIsVisible = 0;
			defaultConfigurationName = Release;
		};
		15FBC75229B24A4D00818276 /* Build configuration list for PBXNativeTarget "luxme1" */ = {
			isa = XCConfigurationList;
			buildConfigurations = (
				15FBC75329B24A4D00818276 /* Debug */,
				15FBC75429B24A4D00818276 /* Release */,
			);
			defaultConfigurationIsVisible = 0;
			defaultConfigurationName = Release;
		};
/* End XCConfigurationList section */
	};
	rootObject = 15FBC73C29B24A4900818276 /* Project object */;
}
